
Microsoft Visual Studio Solution File, Format Version 11.00
# Visual Studio 2010
Project("{FAE04EC0-301F-11D3-BF4B-00C04F79EFBC}") = "Kiwi.Json", "Kiwi.Json\Kiwi.Json.csproj", "{C32E21F8-0929-45BC-9643-0F1DE746A4CD}"
EndProject
Project("{FAE04EC0-301F-11D3-BF4B-00C04F79EFBC}") = "Kiwi.Json.PerformanceTests", "Kiwi.Json.PerformanceTests\Kiwi.Json.PerformanceTests.csproj", "{67DAA9AE-A5FD-4BF1-B007-E0D682CE2B71}"
EndProject
Project("{FAE04EC0-301F-11D3-BF4B-00C04F79EFBC}") = "Kiwi.Json.Tests", "Kiwi.Json.Tests\Kiwi.Json.Tests.csproj", "{7875D9A6-1097-44A9-8C71-69B0BA4A5512}"
EndProject
Project("{2150E333-8FDC-42A3-9474-1A3956D46DE8}") = "build", "build", "{8B2162F8-F79E-4BC0-80F8-2342ADBAF521}"
	ProjectSection(SolutionItems) = preProject
		default.ps1 = default.ps1
	EndProjectSection
EndProject
Global
	GlobalSection(SolutionConfigurationPlatforms) = preSolution
		Debug|Any CPU = Debug|Any CPU
		Debug|Mixed Platforms = Debug|Mixed Platforms
		Debug|x86 = Debug|x86
		Release|Any CPU = Release|Any CPU
		Release|Mixed Platforms = Release|Mixed Platforms
		Release|x86 = Release|x86
	EndGlobalSection
	GlobalSection(ProjectConfigurationPlatforms) = postSolution
		{C32E21F8-0929-45BC-9643-0F1DE746A4CD}.Debug|Any CPU.ActiveCfg = Debug|Any CPU
		{C32E21F8-0929-45BC-9643-0F1DE746A4CD}.Debug|Any CPU.Build.0 = Debug|Any CPU
		{C32E21F8-0929-45BC-9643-0F1DE746A4CD}.Debug|Mixed Platforms.ActiveCfg = Debug|Any CPU
		{C32E21F8-0929-45BC-9643-0F1DE746A4CD}.Debug|Mixed Platforms.Build.0 = Debug|Any CPU
		{C32E21F8-0929-45BC-9643-0F1DE746A4CD}.Debug|x86.ActiveCfg = Debug|Any CPU
		{C32E21F8-0929-45BC-9643-0F1DE746A4CD}.Release|Any CPU.ActiveCfg = Release|Any CPU
		{C32E21F8-0929-45BC-9643-0F1DE746A4CD}.Release|Any CPU.Build.0 = Release|Any CPU
		{C32E21F8-0929-45BC-9643-0F1DE746A4CD}.Release|Mixed Platforms.ActiveCfg = Release|Any CPU
		{C32E21F8-0929-45BC-9643-0F1DE746A4CD}.Release|Mixed Platforms.Build.0 = Release|Any CPU
		{C32E21F8-0929-45BC-9643-0F1DE746A4CD}.Release|x86.ActiveCfg = Release|Any CPU
		{67DAA9AE-A5FD-4BF1-B007-E0D682CE2B71}.Debug|Any CPU.ActiveCfg = Debug|Any CPU
		{67DAA9AE-A5FD-4BF1-B007-E0D682CE2B71}.Debug|Any CPU.Build.0 = Debug|Any CPU
		{67DAA9AE-A5FD-4BF1-B007-E0D682CE2B71}.Debug|Mixed Platforms.ActiveCfg = Debug|Any CPU
		{67DAA9AE-A5FD-4BF1-B007-E0D682CE2B71}.Debug|Mixed Platforms.Build.0 = Debug|Any CPU
		{67DAA9AE-A5FD-4BF1-B007-E0D682CE2B71}.Debug|x86.ActiveCfg = Debug|Any CPU
		{67DAA9AE-A5FD-4BF1-B007-E0D682CE2B71}.Release|Any CPU.ActiveCfg = Release|Any CPU
		{67DAA9AE-A5FD-4BF1-B007-E0D682CE2B71}.Release|Any CPU.Build.0 = Release|Any CPU
		{67DAA9AE-A5FD-4BF1-B007-E0D682CE2B71}.Release|Mixed Platforms.ActiveCfg = Release|Any CPU
		{67DAA9AE-A5FD-4BF1-B007-E0D682CE2B71}.Release|Mixed Platforms.Build.0 = Release|Any CPU
		{67DAA9AE-A5FD-4BF1-B007-E0D682CE2B71}.Release|x86.ActiveCfg = Release|Any CPU
		{7875D9A6-1097-44A9-8C71-69B0BA4A5512}.Debug|Any CPU.ActiveCfg = Debug|Any CPU
		{7875D9A6-1097-44A9-8C71-69B0BA4A5512}.Debug|Any CPU.Build.0 = Debug|Any CPU
		{7875D9A6-1097-44A9-8C71-69B0BA4A5512}.Debug|Mixed Platforms.ActiveCfg = Debug|Any CPU
		{7875D9A6-1097-44A9-8C71-69B0BA4A5512}.Debug|Mixed Platforms.Build.0 = Debug|Any CPU
		{7875D9A6-1097-44A9-8C71-69B0BA4A5512}.Debug|x86.ActiveCfg = Debug|Any CPU
		{7875D9A6-1097-44A9-8C71-69B0BA4A5512}.Release|Any CPU.ActiveCfg = Release|Any CPU
		{7875D9A6-1097-44A9-8C71-69B0BA4A5512}.Release|Any CPU.Build.0 = Release|Any CPU
		{7875D9A6-1097-44A9-8C71-69B0BA4A5512}.Release|Mixed Platforms.ActiveCfg = Release|Any CPU
		{7875D9A6-1097-44A9-8C71-69B0BA4A5512}.Release|Mixed Platforms.Build.0 = Release|Any CPU
		{7875D9A6-1097-44A9-8C71-69B0BA4A5512}.Release|x86.ActiveCfg = Release|Any CPU
	EndGlobalSection
	GlobalSection(SolutionProperties) = preSolution
		HideSolutionNode = FALSE
	EndGlobalSection
EndGlobal
